<?xml version="1.0" encoding="utf-8"?>
<Project ToolsVersion="4.0" xmlns="http://schemas.microsoft.com/developer/msbuild/2003">
  <ItemGroup>
    <Filter Include="Source Files">
      <UniqueIdentifier>{4FC737F1-C7A5-4376-A066-2A32D752A2FF}</UniqueIdentifier>
      <Extensions>cpp;c;cc;cxx;def;odl;idl;hpj;bat;asm;asmx</Extensions>
    </Filter>
    <Filter Include="Header Files">
      <UniqueIdentifier>{93995380-89BD-4b04-88EB-625FBE52EBFB}</UniqueIdentifier>
      <Extensions>h;hh;hpp;hxx;hm;inl;inc;xsd</Extensions>
    </Filter>
    <Filter Include="Resource Files">
      <UniqueIdentifier>{67DA6AB6-F800-4c08-8B7A-83BB121AAD01}</UniqueIdentifier>
      <Extensions>rc;ico;cur;bmp;dlg;rc2;rct;bin;rgs;gif;jpg;jpeg;jpe;resx;tiff;tif;png;wav;mfcribbon-ms</Extensions>
    </Filter>
  </ItemGroup>
  <ItemGroup>
    <ClInclude Include="msg_type.h">
      <Filter>Header Files</Filter>
    </ClInclude>
    <ClInclude Include="list.h">
      <Filter>Header Files</Filter>
    </ClInclude>
    <ClInclude Include="cmsg_enc.h">
      <Filter>Header Files</Filter>
    </ClInclude>
    <ClInclude Include="client_user.h">
      <Filter>Header Files</Filter>
    </ClInclude>
    <ClInclude Include="im_client.h">
      <Filter>Header Files</Filter>
    </ClInclude>
    <ClInclude Include="msg_cipher.h">
      <Filter>Header Files</Filter>
    </ClInclude>
    <ClInclude Include="client_config.h">
      <Filter>Header Files</Filter>
    </ClInclude>
    <ClInclude Include="client_handle.h">
      <Filter>Header Files</Filter>
    </ClInclude>
    <ClInclude Include="client_log.h">
      <Filter>Header Files</Filter>
    </ClInclude>
    <ClInclude Include="cmsg_dec.h">
      <Filter>Header Files</Filter>
    </ClInclude>
    <ClInclude Include="cusr_cmd.h">
      <Filter>Header Files</Filter>
    </ClInclude>
  </ItemGroup>
  <ItemGroup>
    <ClCompile Include="list.c">
      <Filter>Resource Files</Filter>
    </ClCompile>
    <ClCompile Include="cmsg_enc.c">
      <Filter>Resource Files</Filter>
    </ClCompile>
    <ClCompile Include="msg_cipher.c">
      <Filter>Resource Files</Filter>
    </ClCompile>
    <ClCompile Include="client_handle.c">
      <Filter>Resource Files</Filter>
    </ClCompile>
    <ClCompile Include="client_log.c">
      <Filter>Resource Files</Filter>
    </ClCompile>
    <ClCompile Include="client_user.c">
      <Filter>Resource Files</Filter>
    </ClCompile>
    <ClCompile Include="cmsg_dec.c">
      <Filter>Resource Files</Filter>
    </ClCompile>
    <ClCompile Include="cusr_cmd.c">
      <Filter>Resource Files</Filter>
    </ClCompile>
    <ClCompile Include="client_main.c">
      <Filter>Resource Files</Filter>
    </ClCompile>
  </ItemGroup>
</Project>